{
  "version": 4,
  "terraform_version": "1.0.2",
  "serial": 8,
  "lineage": "711b5808-dc90-d551-61c9-caf94a3e2fa8",
  "outputs": {
    "kubernetes_cluster_host": {
      "value": "35.239.146.26",
      "type": "string"
    },
    "kubernetes_cluster_name": {
      "value": "devops-37637-gke",
      "type": "string"
    },
    "project_id": {
      "value": "devops-37637",
      "type": "string"
    },
    "region": {
      "value": "us-central1",
      "type": "string"
    }
  },
  "resources": [
    {
      "mode": "managed",
      "type": "google_compute_network",
      "name": "vpc",
      "provider": "provider[\"registry.terraform.io/hashicorp/google\"]",
      "instances": [
        {
          "schema_version": 0,
          "attributes": {
            "auto_create_subnetworks": false,
            "delete_default_routes_on_create": false,
            "description": "",
            "gateway_ipv4": "",
            "id": "projects/devops-37637/global/networks/devops-37637-vpc",
            "mtu": 0,
            "name": "devops-37637-vpc",
            "project": "devops-37637",
            "routing_mode": "REGIONAL",
            "self_link": "https://www.googleapis.com/compute/v1/projects/devops-37637/global/networks/devops-37637-vpc",
            "timeouts": null
          },
          "sensitive_attributes": [],
          "private": "eyJlMmJmYjczMC1lY2FhLTExZTYtOGY4OC0zNDM2M2JjN2M0YzAiOnsiY3JlYXRlIjoyNDAwMDAwMDAwMDAsImRlbGV0ZSI6MjQwMDAwMDAwMDAwLCJ1cGRhdGUiOjI0MDAwMDAwMDAwMH19"
        }
      ]
    },
    {
      "mode": "managed",
      "type": "google_compute_subnetwork",
      "name": "subnet",
      "provider": "provider[\"registry.terraform.io/hashicorp/google\"]",
      "instances": [
        {
          "schema_version": 0,
          "attributes": {
            "creation_timestamp": "2021-07-16T23:44:37.944-07:00",
            "description": "",
            "fingerprint": null,
            "gateway_address": "10.10.0.1",
            "id": "projects/devops-37637/regions/us-central1/subnetworks/devops-37637-subnet",
            "ip_cidr_range": "10.10.0.0/24",
            "log_config": [],
            "name": "devops-37637-subnet",
            "network": "https://www.googleapis.com/compute/v1/projects/devops-37637/global/networks/devops-37637-vpc",
            "private_ip_google_access": false,
            "private_ipv6_google_access": "DISABLE_GOOGLE_ACCESS",
            "project": "devops-37637",
            "region": "us-central1",
            "secondary_ip_range": [],
            "self_link": "https://www.googleapis.com/compute/v1/projects/devops-37637/regions/us-central1/subnetworks/devops-37637-subnet",
            "timeouts": null
          },
          "sensitive_attributes": [],
          "private": "eyJlMmJmYjczMC1lY2FhLTExZTYtOGY4OC0zNDM2M2JjN2M0YzAiOnsiY3JlYXRlIjozNjAwMDAwMDAwMDAsImRlbGV0ZSI6MzYwMDAwMDAwMDAwLCJ1cGRhdGUiOjM2MDAwMDAwMDAwMH19",
          "dependencies": [
            "google_compute_network.vpc"
          ]
        }
      ]
    },
    {
      "mode": "managed",
      "type": "google_container_cluster",
      "name": "primary",
      "provider": "provider[\"registry.terraform.io/hashicorp/google\"]",
      "instances": [
        {
          "schema_version": 1,
          "attributes": {
            "addons_config": [
              {
                "cloudrun_config": [],
                "horizontal_pod_autoscaling": [],
                "http_load_balancing": [],
                "network_policy_config": [
                  {
                    "disabled": true
                  }
                ]
              }
            ],
            "authenticator_groups_config": [],
            "cluster_autoscaling": [
              {
                "auto_provisioning_defaults": [],
                "enabled": false,
                "resource_limits": []
              }
            ],
            "cluster_ipv4_cidr": "10.32.0.0/14",
            "database_encryption": [
              {
                "key_name": "",
                "state": "DECRYPTED"
              }
            ],
            "default_max_pods_per_node": null,
            "description": "",
            "enable_binary_authorization": false,
            "enable_intranode_visibility": null,
            "enable_kubernetes_alpha": false,
            "enable_legacy_abac": false,
            "enable_shielded_nodes": false,
            "enable_tpu": null,
            "endpoint": "35.239.146.26",
            "id": "projects/devops-37637/locations/us-central1/clusters/devops-37637-gke",
            "initial_node_count": 1,
            "instance_group_urls": [],
            "ip_allocation_policy": [],
            "label_fingerprint": "a9dc16a7",
            "location": "us-central1",
            "logging_service": "logging.googleapis.com/kubernetes",
            "maintenance_policy": [],
            "master_auth": [
              {
                "client_certificate": "",
                "client_certificate_config": [
                  {
                    "issue_client_certificate": false
                  }
                ],
                "client_key": "",
                "cluster_ca_certificate": "LS0tLS1CRUdJTiBDRVJUSUZJQ0FURS0tLS0tCk1JSURLakNDQWhLZ0F3SUJBZ0lRRlBUZnNBekZ5Zjg2d2dPb2FzdmdCVEFOQmdrcWhraUc5dzBCQVFzRkFEQXYKTVMwd0t3WURWUVFERXlReVpXSXpZakF6WkMxaVpUTmxMVFJoTkRZdE9XUTRZUzAxTlRKbFlXVmtOemM1WldZdwpIaGNOTWpFd056RTNNRFUwTmpJMldoY05Nall3TnpFMk1EWTBOakkyV2pBdk1TMHdLd1lEVlFRREV5UXlaV0l6CllqQXpaQzFpWlRObExUUmhORFl0T1dRNFlTMDFOVEpsWVdWa056YzVaV1l3Z2dFaU1BMEdDU3FHU0liM0RRRUIKQVFVQUE0SUJEd0F3Z2dFS0FvSUJBUURPQXlmbVpDV1NoMU1jZEVQUm9GOEw0dlJYRFF0NEY1QmR4YzN5VExqcApKMExIczM5c0RFSGk3Q0ZnTlQyTHM4a2lWSS9Va1hNSFhzZ0NtWXpSVTU3Q24wMEZMYTJueVN6M1p0bm5EZGVUCnRVdE11eVZpWXF1U2E2WFBuOUJZUEt3TTYwODdjVm1mYktVdnFlL3hMeENONXdzOTEyTTNZRlNlUW9yVG9BTEgKTk1tRkZhS2ZEVkdZQVJBZzhzR1lZWTlPWlZOMmpiR1JZTURLalpadlpURXU4dFYybWZQQ282M20rUGZWWTgyTAo4bnc1TDhadFdwV0tZVFIzMXdsdlJhTGNCcjN3WXlZZ3c3TThLWVU0RWhWcm9BVWIxUWJ3YVA2Z3lneHhKUERyCmp4S1QzaVA0N1drR2kvRWJqRDVGT1k2dEVqVHp3Q1paOEh2eVVkTGRtZzVsQWdNQkFBR2pRakJBTUE0R0ExVWQKRHdFQi93UUVBd0lDQkRBUEJnTlZIUk1CQWY4RUJUQURBUUgvTUIwR0ExVWREZ1FXQkJSWFRWZy9Ca2MzRGh5dApwZFMrNkVLdENrUWxPekFOQmdrcWhraUc5dzBCQVFzRkFBT0NBUUVBdXJqekFIdFlWZGllOWd6eGR2Uno3akpGCjJGSllNQllFZ1ZVZXhNblZMc3lPR3I3cTRUeWlFOHhRS2VSK0trU3IzZk9KdzNpY1UvUWJOeFk0enQ1TzEvOXAKN2ZJUVBHNnc5WnlHeHluQVYwdGcwNVQxWTM5ZHpEVktiRkdnRXA5bkZOTjROK3pDajNUdGFlOWFIZmh5MUNCOAp0ZmMrR2ZpRUNnUWQ2Q2Y4M3MwczF4K1d3ODd3b0dNL1VuZ2hSbFRhMjVHNDM2Y1BTTXMzMUJvOWUzNTVNOVdjClZObm9wZ1oxR0t4dEIvWS8xQUVZQWk5L0hWVTU4MlZ3WFdxVk12dTJWNExYQmNlbmVjcjJyM1RCWmpocWVzd3kKOFZwc3ZDUG5zZXp1R0dxRTM2QzVURUpxdWwzTlR2eWtySVdpQUtoYmZqaEFDZEZSaWxoNEZqdGpFeHdQb1E9PQotLS0tLUVORCBDRVJUSUZJQ0FURS0tLS0tCg==",
                "password": "",
                "username": ""
              }
            ],
            "master_authorized_networks_config": [],
            "master_version": "1.19.9-gke.1900",
            "min_master_version": null,
            "monitoring_service": "monitoring.googleapis.com/kubernetes",
            "name": "devops-37637-gke",
            "network": "projects/devops-37637/global/networks/devops-37637-vpc",
            "network_policy": [
              {
                "enabled": false,
                "provider": "PROVIDER_UNSPECIFIED"
              }
            ],
            "node_config": [],
            "node_locations": [
              "us-central1-b",
              "us-central1-c",
              "us-central1-f"
            ],
            "node_pool": [],
            "node_version": "1.19.9-gke.1900",
            "operation": null,
            "pod_security_policy_config": [],
            "private_cluster_config": [],
            "project": "devops-37637",
            "release_channel": [
              {
                "channel": "REGULAR"
              }
            ],
            "remove_default_node_pool": true,
            "resource_labels": null,
            "resource_usage_export_config": [],
            "self_link": "https://container.googleapis.com/v1beta1/projects/devops-37637/locations/us-central1/clusters/devops-37637-gke",
            "services_ipv4_cidr": "10.35.240.0/20",
            "subnetwork": "projects/devops-37637/regions/us-central1/subnetworks/devops-37637-subnet",
            "timeouts": null,
            "vertical_pod_autoscaling": [],
            "workload_identity_config": []
          },
          "sensitive_attributes": [],
          "private": "eyJlMmJmYjczMC1lY2FhLTExZTYtOGY4OC0zNDM2M2JjN2M0YzAiOnsiY3JlYXRlIjoyNDAwMDAwMDAwMDAwLCJkZWxldGUiOjI0MDAwMDAwMDAwMDAsInJlYWQiOjI0MDAwMDAwMDAwMDAsInVwZGF0ZSI6MzYwMDAwMDAwMDAwMH0sInNjaGVtYV92ZXJzaW9uIjoiMSJ9",
          "dependencies": [
            "google_compute_network.vpc",
            "google_compute_subnetwork.subnet"
          ]
        }
      ]
    },
    {
      "mode": "managed",
      "type": "google_container_node_pool",
      "name": "primary_nodes",
      "provider": "provider[\"registry.terraform.io/hashicorp/google\"]",
      "instances": [
        {
          "schema_version": 1,
          "attributes": {
            "autoscaling": [],
            "cluster": "devops-37637-gke",
            "id": "projects/devops-37637/locations/us-central1/clusters/devops-37637-gke/nodePools/devops-37637-gke-node-pool",
            "initial_node_count": 2,
            "instance_group_urls": [
              "https://www.googleapis.com/compute/v1/projects/devops-37637/zones/us-central1-f/instanceGroupManagers/gke-devops-37637-gke-devops-37637-gke-e282798e-grp",
              "https://www.googleapis.com/compute/v1/projects/devops-37637/zones/us-central1-b/instanceGroupManagers/gke-devops-37637-gke-devops-37637-gke-221cab59-grp",
              "https://www.googleapis.com/compute/v1/projects/devops-37637/zones/us-central1-c/instanceGroupManagers/gke-devops-37637-gke-devops-37637-gke-79dfa17e-grp"
            ],
            "location": "us-central1",
            "management": [
              {
                "auto_repair": true,
                "auto_upgrade": true
              }
            ],
            "max_pods_per_node": null,
            "name": "devops-37637-gke-node-pool",
            "name_prefix": "",
            "node_config": [
              {
                "disk_size_gb": 100,
                "disk_type": "pd-standard",
                "guest_accelerator": [],
                "image_type": "COS_CONTAINERD",
                "labels": {
                  "env": "devops-37637"
                },
                "local_ssd_count": 0,
                "machine_type": "n1-standard-1",
                "metadata": {
                  "disable-legacy-endpoints": "true"
                },
                "min_cpu_platform": "",
                "oauth_scopes": [
                  "https://www.googleapis.com/auth/logging.write",
                  "https://www.googleapis.com/auth/monitoring"
                ],
                "preemptible": false,
                "service_account": "default",
                "shielded_instance_config": [
                  {
                    "enable_integrity_monitoring": true,
                    "enable_secure_boot": false
                  }
                ],
                "tags": [
                  "gke-node",
                  "devops-37637-gke"
                ],
                "taint": [],
                "workload_metadata_config": []
              }
            ],
            "node_count": 2,
            "node_locations": [
              "us-central1-b",
              "us-central1-c",
              "us-central1-f"
            ],
            "project": "devops-37637",
            "timeouts": null,
            "upgrade_settings": [
              {
                "max_surge": 1,
                "max_unavailable": 0
              }
            ],
            "version": "1.19.9-gke.1900"
          },
          "sensitive_attributes": [],
          "private": "eyJlMmJmYjczMC1lY2FhLTExZTYtOGY4OC0zNDM2M2JjN2M0YzAiOnsiY3JlYXRlIjoxODAwMDAwMDAwMDAwLCJkZWxldGUiOjE4MDAwMDAwMDAwMDAsInVwZGF0ZSI6MTgwMDAwMDAwMDAwMH0sInNjaGVtYV92ZXJzaW9uIjoiMSJ9",
          "dependencies": [
            "google_compute_network.vpc",
            "google_compute_subnetwork.subnet",
            "google_container_cluster.primary"
          ]
        }
      ]
    }
  ]
}
